
Microsoft Visual Studio Solution File, Format Version 12.00
# Visual Studio Version 16
VisualStudioVersion = 16.0.29911.84
MinimumVisualStudioVersion = 10.0.40219.1
Project("{9A19103F-16F7-4668-BE54-9A1E7A4F7556}") = "MovieGrab", "MovieGrab\MovieGrab.csproj", "{4DD2A91B-89C1-4795-ADF1-F08D8EC35C78}"
EndProject
Project("{FAE04EC0-301F-11D3-BF4B-00C04F79EFBC}") = "SubTitleShooter", "SubTitleShooter\SubTitleShooter.csproj", "{87D7E585-B6A7-4678-A945-001A28605185}"
EndProject
Global
	GlobalSection(SolutionConfigurationPlatforms) = preSolution
		Debug|Any CPU = Debug|Any CPU
		Release|Any CPU = Release|Any CPU
	EndGlobalSection
	GlobalSection(ProjectConfigurationPlatforms) = postSolution
		{4DD2A91B-89C1-4795-ADF1-F08D8EC35C78}.Debug|Any CPU.ActiveCfg = Debug|Any CPU
		{4DD2A91B-89C1-4795-ADF1-F08D8EC35C78}.Debug|Any CPU.Build.0 = Debug|Any CPU
		{4DD2A91B-89C1-4795-ADF1-F08D8EC35C78}.Release|Any CPU.ActiveCfg = Release|Any CPU
		{4DD2A91B-89C1-4795-ADF1-F08D8EC35C78}.Release|Any CPU.Build.0 = Release|Any CPU
		{87D7E585-B6A7-4678-A945-001A28605185}.Debug|Any CPU.ActiveCfg = Debug|Any CPU
		{87D7E585-B6A7-4678-A945-001A28605185}.Debug|Any CPU.Build.0 = Debug|Any CPU
		{87D7E585-B6A7-4678-A945-001A28605185}.Release|Any CPU.ActiveCfg = Release|Any CPU
		{87D7E585-B6A7-4678-A945-001A28605185}.Release|Any CPU.Build.0 = Release|Any CPU
	EndGlobalSection
	GlobalSection(SolutionProperties) = preSolution
		HideSolutionNode = FALSE
	EndGlobalSection
	GlobalSection(ExtensibilityGlobals) = postSolution
		SolutionGuid = {64F7D867-1D7E-4E33-A0C9-7107FCDBABEC}
	EndGlobalSection
EndGlobal
